
Microsoft Visual Studio Solution File, Format Version 12.00
# Visual Studio Version 16
VisualStudioVersion = 16.0.31702.278
MinimumVisualStudioVersion = 10.0.40219.1
Project("{FAE04EC0-301F-11D3-BF4B-00C04F79EFBC}") = "GLightsV1", "GLightsV1\GLightsV1.csproj", "{299212E8-9E21-45BA-A8E6-4175B78EBE1F}"
EndProject
Project("{2150E333-8FDC-42A3-9474-1A3956D46DE8}") = "Solution Items", "Solution Items", "{053C2C13-02D0-41A6-989D-D3F2A2D8ACB4}"
	ProjectSection(SolutionItems) = preProject
		LOGO WHITE.png = LOGO WHITE.png
	EndProjectSection
EndProject
Project("{54435603-DBB4-11D2-8724-00A0C9A8B90C}") = "Setup", "Setup\Setup.vdproj", "{841382F6-999B-43C3-9EBB-F6DAE2F83488}"
EndProject
Global
	GlobalSection(SolutionConfigurationPlatforms) = preSolution
		Debug|Any CPU = Debug|Any CPU
		Release|Any CPU = Release|Any CPU
	EndGlobalSection
	GlobalSection(ProjectConfigurationPlatforms) = postSolution
		{299212E8-9E21-45BA-A8E6-4175B78EBE1F}.Debug|Any CPU.ActiveCfg = Debug|Any CPU
		{299212E8-9E21-45BA-A8E6-4175B78EBE1F}.Debug|Any CPU.Build.0 = Debug|Any CPU
		{299212E8-9E21-45BA-A8E6-4175B78EBE1F}.Release|Any CPU.ActiveCfg = Release|Any CPU
		{299212E8-9E21-45BA-A8E6-4175B78EBE1F}.Release|Any CPU.Build.0 = Release|Any CPU
		{841382F6-999B-43C3-9EBB-F6DAE2F83488}.Debug|Any CPU.ActiveCfg = Debug
		{841382F6-999B-43C3-9EBB-F6DAE2F83488}.Release|Any CPU.ActiveCfg = Release
	EndGlobalSection
	GlobalSection(SolutionProperties) = preSolution
		HideSolutionNode = FALSE
	EndGlobalSection
	GlobalSection(ExtensibilityGlobals) = postSolution
		SolutionGuid = {38B6697B-7E95-4800-B6EB-6072394738C8}
	EndGlobalSection
EndGlobal
